
Microsoft Visual Studio Solution File, Format Version 12.00
# Visual Studio Version 17
VisualStudioVersion = 17.5.33414.496
MinimumVisualStudioVersion = 10.0.40219.1
Project("{FAE04EC0-301F-11D3-BF4B-00C04F79EFBC}") = "TradingAPI", "TradingAPI\TradingAPI.csproj", "{89248047-6A18-4997-87A1-4FCAA621BE7C}"
EndProject
Project("{FAE04EC0-301F-11D3-BF4B-00C04F79EFBC}") = "BillAPI", "BillAPI\BillAPI.csproj", "{2976BE85-BBA4-4483-B463-9CEED63BDAC0}"
EndProject
Global
	GlobalSection(SolutionConfigurationPlatforms) = preSolution
		Debug|Any CPU = Debug|Any CPU
		Release|Any CPU = Release|Any CPU
	EndGlobalSection
	GlobalSection(ProjectConfigurationPlatforms) = postSolution
		{89248047-6A18-4997-87A1-4FCAA621BE7C}.Debug|Any CPU.ActiveCfg = Debug|Any CPU
		{89248047-6A18-4997-87A1-4FCAA621BE7C}.Debug|Any CPU.Build.0 = Debug|Any CPU
		{89248047-6A18-4997-87A1-4FCAA621BE7C}.Release|Any CPU.ActiveCfg = Release|Any CPU
		{89248047-6A18-4997-87A1-4FCAA621BE7C}.Release|Any CPU.Build.0 = Release|Any CPU
		{2976BE85-BBA4-4483-B463-9CEED63BDAC0}.Debug|Any CPU.ActiveCfg = Debug|Any CPU
		{2976BE85-BBA4-4483-B463-9CEED63BDAC0}.Debug|Any CPU.Build.0 = Debug|Any CPU
		{2976BE85-BBA4-4483-B463-9CEED63BDAC0}.Release|Any CPU.ActiveCfg = Release|Any CPU
		{2976BE85-BBA4-4483-B463-9CEED63BDAC0}.Release|Any CPU.Build.0 = Release|Any CPU
	EndGlobalSection
	GlobalSection(SolutionProperties) = preSolution
		HideSolutionNode = FALSE
	EndGlobalSection
	GlobalSection(ExtensibilityGlobals) = postSolution
		SolutionGuid = {5D777871-736F-4B1C-9A5F-1720976395D9}
	EndGlobalSection
EndGlobal
